<?xml version="1.0"?>
<CONFIG>
  <ProjectOptions>
    <PathDelim Value="\"/>
    <Version Value="6"/>
    <General>
      <MainUnit Value="0"/>
      <IconPath Value=".\"/>
      <TargetFileExt Value=""/>
      <ActiveEditorIndexAtStart Value="3"/>
    </General>
    <VersionInfo>
      <ProjectVersion Value=""/>
      <Language Value=""/>
      <CharSet Value=""/>
    </VersionInfo>
    <PublishOptions>
      <Version Value="2"/>
      <DestinationDirectory Value="$(TestDir)\publishedproject\"/>
      <IgnoreBinaries Value="False"/>
      <IncludeFileFilter Value="*.(pas|pp|inc|lfm|lpr|lrs|lpi|lpk|sh|xml)"/>
      <ExcludeFileFilter Value="*.(bak|ppu|ppw|o|so);*~;backup"/>
    </PublishOptions>
    <RunParams>
      <local>
        <FormatVersion Value="1"/>
        <LaunchingApplication Use="True" PathPlusParams="\usr\X11R6\bin\xterm -T 'Lazarus Run Output' -e $(LazarusDir)\tools\runwait.sh $(TargetCmdLine)"/>
      </local>
    </RunParams>
    <RequiredPackages Count="1">
      <Item1>
        <PackageName Value="LCL"/>
      </Item1>
    </RequiredPackages>
    <Units Count="10">
      <Unit0>
        <Filename Value="server.lpr"/>
        <IsPartOfProject Value="True"/>
        <UnitName Value="uniserver"/>
        <CursorPos X="1" Y="34"/>
        <TopLine Value="18"/>
        <EditorIndex Value="3"/>
        <UsageCount Value="54"/>
        <Loaded Value="True"/>
      </Unit0>
      <Unit1>
        <Filename Value="units\fsutils.pas"/>
        <IsPartOfProject Value="True"/>
        <UnitName Value="FSUtils"/>
        <CursorPos X="14" Y="3"/>
        <TopLine Value="3"/>
        <UsageCount Value="34"/>
      </Unit1>
      <Unit2>
        <Filename Value="units\netutils.pas"/>
        <IsPartOfProject Value="True"/>
        <UnitName Value="NetUtils"/>
        <CursorPos X="25" Y="253"/>
        <TopLine Value="291"/>
        <UsageCount Value="34"/>
      </Unit2>
      <Unit3>
        <Filename Value="src\main.pas"/>
        <IsPartOfProject Value="True"/>
        <UnitName Value="Main"/>
        <CursorPos X="50" Y="143"/>
        <TopLine Value="141"/>
        <EditorIndex Value="2"/>
        <UsageCount Value="54"/>
        <Loaded Value="True"/>
      </Unit3>
      <Unit4>
        <Filename Value="src\authorize.pas"/>
        <IsPartOfProject Value="True"/>
        <UnitName Value="Authorize"/>
        <CursorPos X="5" Y="103"/>
        <TopLine Value="67"/>
        <EditorIndex Value="0"/>
        <UsageCount Value="54"/>
        <Loaded Value="True"/>
      </Unit4>
      <Unit5>
        <Filename Value="usr\src\fpc\rtl\inc\systemh.inc"/>
        <CursorPos X="16" Y="340"/>
        <TopLine Value="340"/>
        <UsageCount Value="11"/>
      </Unit5>
      <Unit6>
        <Filename Value="..\..\unistrike\server\src\engine.pas"/>
        <UnitName Value="Engine"/>
        <CursorPos X="35" Y="54"/>
        <TopLine Value="27"/>
        <UsageCount Value="22"/>
      </Unit6>
      <Unit7>
        <Filename Value="src\engine.pas"/>
        <IsPartOfProject Value="True"/>
        <UnitName Value="Engine"/>
        <CursorPos X="118" Y="24"/>
        <TopLine Value="3"/>
        <EditorIndex Value="1"/>
        <UsageCount Value="30"/>
        <Loaded Value="True"/>
      </Unit7>
      <Unit8>
        <Filename Value="..\client\src\cengine.pas"/>
        <UnitName Value="CEngine"/>
        <CursorPos X="1" Y="1"/>
        <TopLine Value="1"/>
        <UsageCount Value="19"/>
      </Unit8>
      <Unit9>
        <Filename Value="..\client\client.lpi"/>
        <CursorPos X="1" Y="1"/>
        <TopLine Value="1"/>
        <UsageCount Value="9"/>
        <SyntaxHighlighter Value="XML"/>
      </Unit9>
    </Units>
    <JumpHistory Count="0" HistoryIndex="-1"/>
  </ProjectOptions>
  <CompilerOptions>
    <Version Value="5"/>
    <PathDelim Value="\"/>
    <SearchPaths>
      <OtherUnitFiles Value="src\;units\"/>
    </SearchPaths>
    <CodeGeneration>
      <Generate Value="Faster"/>
    </CodeGeneration>
    <Linking>
      <Debugging>
        <UseHeaptrc Value="True"/>
      </Debugging>
      <Options>
        <Win32>
          <GraphicApplication Value="True"/>
        </Win32>
      </Options>
    </Linking>
    <Other>
      <CompilerPath Value="$(CompPath)"/>
      <CreateMakefileOnBuild Value="True"/>
    </Other>
  </CompilerOptions>
  <Debugging>
    <Exceptions Count="2">
      <Item1>
        <Name Value="ECodetoolError"/>
      </Item1>
      <Item2>
        <Name Value="EFOpenError"/>
      </Item2>
    </Exceptions>
  </Debugging>
</CONFIG>
