<?xml version="1.0"?>
<CONFIG>
  <ProjectOptions>
    <PathDelim Value="/"/>
    <Version Value="6"/>
    <General>
      <MainUnit Value="0"/>
      <IconPath Value="./"/>
      <TargetFileExt Value=""/>
      <ActiveEditorIndexAtStart Value="0"/>
    </General>
    <VersionInfo>
      <ProjectVersion Value=""/>
      <Language Value=""/>
      <CharSet Value=""/>
    </VersionInfo>
    <PublishOptions>
      <Version Value="2"/>
      <IgnoreBinaries Value="False"/>
      <IncludeFileFilter Value="*.(pas|pp|inc|lfm|lpr|lrs|lpi|lpk|sh|xml)"/>
      <ExcludeFileFilter Value="*.(bak|ppu|ppw|o|so);*~;backup"/>
    </PublishOptions>
    <RunParams>
      <local>
        <FormatVersion Value="1"/>
        <LaunchingApplication PathPlusParams="/usr/kde/3.5/bin/konsole -T 'Lazarus Run Output' -e $(LazarusDir)/tools/runwait.sh $(TargetCmdLine)"/>
      </local>
    </RunParams>
    <RequiredPackages Count="1">
      <Item1>
        <PackageName Value="LCL"/>
      </Item1>
    </RequiredPackages>
    <Units Count="43">
      <Unit0>
        <Filename Value="server.lpr"/>
        <IsPartOfProject Value="True"/>
        <UnitName Value="uniserver"/>
        <CursorPos X="29" Y="87"/>
        <TopLine Value="75"/>
        <UsageCount Value="192"/>
      </Unit0>
      <Unit1>
        <Filename Value="units/fsutils.pas"/>
        <UnitName Value="FSUtils"/>
        <CursorPos X="14" Y="171"/>
        <TopLine Value="121"/>
        <UsageCount Value="153"/>
      </Unit1>
      <Unit2>
        <Filename Value="units/netutils.pas"/>
        <UnitName Value="NetUtils"/>
        <CursorPos X="3" Y="159"/>
        <TopLine Value="140"/>
        <UsageCount Value="153"/>
      </Unit2>
      <Unit3>
        <Filename Value="src/main.pas"/>
        <IsPartOfProject Value="True"/>
        <UnitName Value="Main"/>
        <CursorPos X="29" Y="112"/>
        <TopLine Value="203"/>
        <UsageCount Value="192"/>
      </Unit3>
      <Unit4>
        <Filename Value="src/authorize.pas"/>
        <IsPartOfProject Value="True"/>
        <UnitName Value="Authorize"/>
        <CursorPos X="38" Y="32"/>
        <TopLine Value="1"/>
        <EditorIndex Value="0"/>
        <UsageCount Value="192"/>
        <Loaded Value="True"/>
      </Unit4>
      <Unit5>
        <Filename Value="usr/src/fpc/rtl/inc/systemh.inc"/>
        <CursorPos X="16" Y="340"/>
        <TopLine Value="340"/>
        <UsageCount Value="2"/>
      </Unit5>
      <Unit6>
        <Filename Value="../../unistrike/server/src/engine.pas"/>
        <UnitName Value="Engine"/>
        <CursorPos X="35" Y="54"/>
        <TopLine Value="27"/>
        <UsageCount Value="13"/>
      </Unit6>
      <Unit7>
        <Filename Value="src/engine.pas"/>
        <IsPartOfProject Value="True"/>
        <UnitName Value="Engine"/>
        <CursorPos X="59" Y="57"/>
        <TopLine Value="7"/>
        <UsageCount Value="168"/>
      </Unit7>
      <Unit8>
        <Filename Value="../client/src/cengine.pas"/>
        <UnitName Value="CEngine"/>
        <CursorPos X="1" Y="1"/>
        <TopLine Value="1"/>
        <UsageCount Value="10"/>
      </Unit8>
      <Unit9>
        <Filename Value="../client/client.lpi"/>
        <CursorPos X="1" Y="1"/>
        <TopLine Value="1"/>
        <UsageCount Value="10"/>
        <SyntaxHighlighter Value="XML"/>
      </Unit9>
      <Unit10>
        <Filename Value="C:/lazarus/fpc/2.2.1/source/rtl/inc/systemh.inc"/>
        <CursorPos X="11" Y="785"/>
        <TopLine Value="766"/>
        <UsageCount Value="3"/>
      </Unit10>
      <Unit11>
        <Filename Value="C:/lazarus/fpc/2.2.1/source/rtl/win/wininc/redef.inc"/>
        <CursorPos X="10" Y="800"/>
        <TopLine Value="781"/>
        <UsageCount Value="2"/>
      </Unit11>
      <Unit12>
        <Filename Value="usr/src/fpc/rtl/unix/ipc.pp"/>
        <UnitName Value="ipc"/>
        <CursorPos X="1" Y="1"/>
        <TopLine Value="148"/>
        <UsageCount Value="2"/>
      </Unit12>
      <Unit13>
        <Filename Value="C:/lazarus/fpc/2.2.1/source/packages/winunits-base/src/shellapi.pp"/>
        <UnitName Value="ShellApi"/>
        <CursorPos X="2" Y="1053"/>
        <TopLine Value="1053"/>
        <UsageCount Value="4"/>
      </Unit13>
      <Unit14>
        <Filename Value="src/config.pas"/>
        <IsPartOfProject Value="True"/>
        <UnitName Value="Config"/>
        <CursorPos X="52" Y="203"/>
        <TopLine Value="153"/>
        <UsageCount Value="152"/>
      </Unit14>
      <Unit15>
        <Filename Value="src/execute.pas"/>
        <IsPartOfProject Value="True"/>
        <UnitName Value="Execute"/>
        <CursorPos X="64" Y="64"/>
        <TopLine Value="14"/>
        <UsageCount Value="143"/>
      </Unit15>
      <Unit16>
        <Filename Value="C:/lazarus/fpc/2.2.1/source/rtl/inc/mathh.inc"/>
        <CursorPos X="14" Y="64"/>
        <TopLine Value="45"/>
        <UsageCount Value="1"/>
      </Unit16>
      <Unit17>
        <Filename Value="src/signals.pas"/>
        <IsPartOfProject Value="True"/>
        <UnitName Value="Signals"/>
        <CursorPos X="50" Y="64"/>
        <TopLine Value="29"/>
        <UsageCount Value="133"/>
      </Unit17>
      <Unit18>
        <Filename Value="src/sysinfo.pas"/>
        <IsPartOfProject Value="True"/>
        <UnitName Value="SysInfo"/>
        <CursorPos X="90" Y="128"/>
        <TopLine Value="78"/>
        <UsageCount Value="104"/>
      </Unit18>
      <Unit19>
        <Filename Value="src/process.pas"/>
        <IsPartOfProject Value="True"/>
        <UnitName Value="Process"/>
        <CursorPos X="97" Y="71"/>
        <TopLine Value="21"/>
        <UsageCount Value="102"/>
      </Unit19>
      <Unit20>
        <Filename Value="C:/lazarus/fpc/2.2.1/source/rtl/win32/winsysut.pp"/>
        <UnitName Value="winsysut"/>
        <CursorPos X="57" Y="43"/>
        <TopLine Value="29"/>
        <UsageCount Value="4"/>
      </Unit20>
      <Unit21>
        <Filename Value="usr/src/fpc/packages/hash/src/md5.pp"/>
        <UnitName Value="md5"/>
        <CursorPos X="3" Y="42"/>
        <TopLine Value="40"/>
        <UsageCount Value="5"/>
      </Unit21>
      <Unit22>
        <Filename Value="src/laindatabase.pas"/>
        <IsPartOfProject Value="True"/>
        <UnitName Value="LainDataBase"/>
        <CursorPos X="61" Y="452"/>
        <TopLine Value="402"/>
        <UsageCount Value="99"/>
      </Unit22>
      <Unit23>
        <Filename Value="usr/src/fpc/packages/libc/src/libc.pp"/>
        <UnitName Value="libc"/>
        <CursorPos X="123" Y="27"/>
        <TopLine Value="1"/>
        <UsageCount Value="6"/>
      </Unit23>
      <Unit24>
        <Filename Value="usr/src/fpc/packages/libc/src/netdbh.inc"/>
        <CursorPos X="40" Y="43"/>
        <TopLine Value="25"/>
        <UsageCount Value="6"/>
      </Unit24>
      <Unit25>
        <Filename Value="src/params.pas"/>
        <IsPartOfProject Value="True"/>
        <UnitName Value="Params"/>
        <CursorPos X="49" Y="84"/>
        <TopLine Value="176"/>
        <UsageCount Value="87"/>
      </Unit25>
      <Unit26>
        <Filename Value="C:/lazarus/fpc/2.2.1/source/rtl/inc/heaptrc.pp"/>
        <UnitName Value="heaptrc"/>
        <CursorPos X="1" Y="185"/>
        <TopLine Value="168"/>
        <UsageCount Value="5"/>
      </Unit26>
      <Unit27>
        <Filename Value="src/diskmgr.pas"/>
        <IsPartOfProject Value="True"/>
        <UnitName Value="DiskMgr"/>
        <CursorPos X="101" Y="48"/>
        <TopLine Value="1"/>
        <UsageCount Value="78"/>
      </Unit27>
      <Unit28>
        <Filename Value="src/unixutils.pas"/>
        <IsPartOfProject Value="True"/>
        <UnitName Value="UnixUtils"/>
        <CursorPos X="98" Y="66"/>
        <TopLine Value="1"/>
        <UsageCount Value="78"/>
      </Unit28>
      <Unit29>
        <Filename Value="usr/src/fpc/packages/libc/src/sstath.inc"/>
        <CursorPos X="19" Y="27"/>
        <TopLine Value="8"/>
        <UsageCount Value="9"/>
      </Unit29>
      <Unit30>
        <Filename Value="usr/src/fpc/packages/libc/src/bstath.inc"/>
        <CursorPos X="1" Y="78"/>
        <TopLine Value="55"/>
        <UsageCount Value="9"/>
      </Unit30>
      <Unit31>
        <Filename Value="src/convnum.pas"/>
        <IsPartOfProject Value="True"/>
        <UnitName Value="ConvNum"/>
        <CursorPos X="39" Y="73"/>
        <TopLine Value="23"/>
        <UsageCount Value="40"/>
      </Unit31>
      <Unit32>
        <Filename Value="../units/netutils.pas"/>
        <IsPartOfProject Value="True"/>
        <UnitName Value="NetUtils"/>
        <CursorPos X="95" Y="119"/>
        <TopLine Value="125"/>
        <UsageCount Value="38"/>
      </Unit32>
      <Unit33>
        <Filename Value="../units/fsutils.pas"/>
        <IsPartOfProject Value="True"/>
        <UnitName Value="FSUtils"/>
        <CursorPos X="59" Y="171"/>
        <TopLine Value="121"/>
        <UsageCount Value="38"/>
      </Unit33>
      <Unit34>
        <Filename Value="usr/src/fpc/rtl/unix/bunxovlh.inc"/>
        <CursorPos X="20" Y="20"/>
        <TopLine Value="1"/>
        <UsageCount Value="9"/>
      </Unit34>
      <Unit35>
        <Filename Value="src/loop.pas"/>
        <IsPartOfProject Value="True"/>
        <UnitName Value="Loop"/>
        <CursorPos X="17" Y="56"/>
        <TopLine Value="49"/>
        <UsageCount Value="33"/>
      </Unit35>
      <Unit36>
        <Filename Value="src/consts.pas"/>
        <IsPartOfProject Value="True"/>
        <UnitName Value="Consts"/>
        <CursorPos X="23" Y="54"/>
        <TopLine Value="4"/>
        <UsageCount Value="33"/>
      </Unit36>
      <Unit37>
        <Filename Value="src/sharemem.pas"/>
        <UnitName Value="ShareMem"/>
        <CursorPos X="6" Y="11"/>
        <TopLine Value="1"/>
        <UsageCount Value="32"/>
      </Unit37>
      <Unit38>
        <Filename Value="../../../mathutils/mathutils/qfunc/qfunc.pas"/>
        <UnitName Value="qfunction"/>
        <CursorPos X="2" Y="17"/>
        <TopLine Value="85"/>
        <UsageCount Value="10"/>
      </Unit38>
      <Unit39>
        <Filename Value="../../../mathutils/mathutils/polynomial/polynomial.pas"/>
        <UnitName Value="polynomial"/>
        <CursorPos X="1" Y="1"/>
        <TopLine Value="1"/>
        <UsageCount Value="10"/>
      </Unit39>
      <Unit40>
        <Filename Value="src/users.pas"/>
        <IsPartOfProject Value="True"/>
        <UnitName Value="Users"/>
        <CursorPos X="112" Y="133"/>
        <TopLine Value="1"/>
        <UsageCount Value="23"/>
      </Unit40>
      <Unit41>
        <Filename Value="/usr/src/fpc/rtl/inc/threadh.inc"/>
        <CursorPos X="11" Y="147"/>
        <TopLine Value="118"/>
        <UsageCount Value="10"/>
      </Unit41>
      <Unit42>
        <Filename Value="/usr/src/fpc/rtl/netwlibc/libc.pp"/>
        <UnitName Value="libc"/>
        <CursorPos X="53" Y="1034"/>
        <TopLine Value="1016"/>
        <UsageCount Value="10"/>
      </Unit42>
    </Units>
    <JumpHistory Count="5" HistoryIndex="4">
      <Position1>
        <Filename Value="src/authorize.pas"/>
        <Caret Line="30" Column="73" TopLine="17"/>
      </Position1>
      <Position2>
        <Filename Value="src/authorize.pas"/>
        <Caret Line="107" Column="31" TopLine="96"/>
      </Position2>
      <Position3>
        <Filename Value="src/authorize.pas"/>
        <Caret Line="99" Column="7" TopLine="75"/>
      </Position3>
      <Position4>
        <Filename Value="src/authorize.pas"/>
        <Caret Line="107" Column="30" TopLine="83"/>
      </Position4>
      <Position5>
        <Filename Value="src/authorize.pas"/>
        <Caret Line="105" Column="108" TopLine="110"/>
      </Position5>
    </JumpHistory>
  </ProjectOptions>
  <CompilerOptions>
    <Version Value="5"/>
    <SearchPaths>
      <OtherUnitFiles Value="src/;../units/"/>
    </SearchPaths>
    <Parsing>
      <SyntaxOptions>
        <IncludeAssertionCode Value="True"/>
      </SyntaxOptions>
    </Parsing>
    <CodeGeneration>
      <Checks>
        <IOChecks Value="True"/>
        <OverflowChecks Value="True"/>
        <StackChecks Value="True"/>
      </Checks>
      <Generate Value="Faster"/>
    </CodeGeneration>
    <Linking>
      <Debugging>
        <GenerateDebugInfo Value="True"/>
        <UseHeaptrc Value="True"/>
      </Debugging>
      <Options>
        <Win32>
          <GraphicApplication Value="True"/>
        </Win32>
      </Options>
    </Linking>
    <Other>
      <CompilerPath Value="$(CompPath)"/>
      <CreateMakefileOnBuild Value="True"/>
    </Other>
  </CompilerOptions>
  <Debugging>
    <Exceptions Count="2">
      <Item1>
        <Name Value="ECodetoolError"/>
      </Item1>
      <Item2>
        <Name Value="EFOpenError"/>
      </Item2>
    </Exceptions>
  </Debugging>
</CONFIG>
