<?xml version="1.0"?>
<CONFIG>
  <ProjectOptions>
    <PathDelim Value="/"/>
    <Version Value="6"/>
    <General>
      <MainUnit Value="0"/>
      <IconPath Value="./"/>
      <TargetFileExt Value=""/>
      <ActiveEditorIndexAtStart Value="6"/>
    </General>
    <VersionInfo>
      <ProjectVersion Value=""/>
      <Language Value=""/>
      <CharSet Value=""/>
    </VersionInfo>
    <PublishOptions>
      <Version Value="2"/>
      <IgnoreBinaries Value="False"/>
      <IncludeFileFilter Value="*.(pas|pp|inc|lfm|lpr|lrs|lpi|lpk|sh|xml)"/>
      <ExcludeFileFilter Value="*.(bak|ppu|ppw|o|so);*~;backup"/>
    </PublishOptions>
    <RunParams>
      <local>
        <FormatVersion Value="1"/>
        <LaunchingApplication PathPlusParams="/usr/X11R6/bin/xterm -T 'Lazarus Run Output' -e $(LazarusDir)/tools/runwait.sh $(TargetCmdLine)"/>
      </local>
    </RunParams>
    <RequiredPackages Count="1">
      <Item1>
        <PackageName Value="LCL"/>
      </Item1>
    </RequiredPackages>
    <Units Count="17">
      <Unit0>
        <Filename Value="server.lpr"/>
        <IsPartOfProject Value="True"/>
        <UnitName Value="uniserver"/>
        <CursorPos X="24" Y="303"/>
        <TopLine Value="283"/>
        <EditorIndex Value="6"/>
        <UsageCount Value="77"/>
        <Loaded Value="True"/>
      </Unit0>
      <Unit1>
        <Filename Value="units/fsutils.pas"/>
        <IsPartOfProject Value="True"/>
        <UnitName Value="FSUtils"/>
        <CursorPos X="14" Y="3"/>
        <TopLine Value="3"/>
        <EditorIndex Value="2"/>
        <UsageCount Value="57"/>
        <Loaded Value="True"/>
      </Unit1>
      <Unit2>
        <Filename Value="units/netutils.pas"/>
        <IsPartOfProject Value="True"/>
        <UnitName Value="NetUtils"/>
        <CursorPos X="25" Y="253"/>
        <TopLine Value="291"/>
        <EditorIndex Value="4"/>
        <UsageCount Value="57"/>
        <Loaded Value="True"/>
      </Unit2>
      <Unit3>
        <Filename Value="src/main.pas"/>
        <IsPartOfProject Value="True"/>
        <UnitName Value="Main"/>
        <CursorPos X="68" Y="97"/>
        <TopLine Value="64"/>
        <EditorIndex Value="3"/>
        <UsageCount Value="77"/>
        <Loaded Value="True"/>
      </Unit3>
      <Unit4>
        <Filename Value="src/authorize.pas"/>
        <IsPartOfProject Value="True"/>
        <UnitName Value="Authorize"/>
        <CursorPos X="9" Y="126"/>
        <TopLine Value="9"/>
        <EditorIndex Value="0"/>
        <UsageCount Value="77"/>
        <Loaded Value="True"/>
      </Unit4>
      <Unit5>
        <Filename Value="usr/src/fpc/rtl/inc/systemh.inc"/>
        <CursorPos X="16" Y="340"/>
        <TopLine Value="340"/>
        <UsageCount Value="11"/>
      </Unit5>
      <Unit6>
        <Filename Value="../../unistrike/server/src/engine.pas"/>
        <UnitName Value="Engine"/>
        <CursorPos X="35" Y="54"/>
        <TopLine Value="27"/>
        <UsageCount Value="22"/>
      </Unit6>
      <Unit7>
        <Filename Value="src/engine.pas"/>
        <IsPartOfProject Value="True"/>
        <UnitName Value="Engine"/>
        <CursorPos X="10" Y="19"/>
        <TopLine Value="15"/>
        <EditorIndex Value="1"/>
        <UsageCount Value="53"/>
        <Loaded Value="True"/>
      </Unit7>
      <Unit8>
        <Filename Value="../client/src/cengine.pas"/>
        <UnitName Value="CEngine"/>
        <CursorPos X="1" Y="1"/>
        <TopLine Value="1"/>
        <UsageCount Value="19"/>
      </Unit8>
      <Unit9>
        <Filename Value="../client/client.lpi"/>
        <CursorPos X="1" Y="1"/>
        <TopLine Value="1"/>
        <UsageCount Value="9"/>
        <SyntaxHighlighter Value="XML"/>
      </Unit9>
      <Unit10>
        <Filename Value="C:/lazarus/fpc/2.2.1/source/rtl/inc/systemh.inc"/>
        <CursorPos X="11" Y="785"/>
        <TopLine Value="766"/>
        <UsageCount Value="12"/>
      </Unit10>
      <Unit11>
        <Filename Value="C:/lazarus/fpc/2.2.1/source/rtl/win/wininc/redef.inc"/>
        <CursorPos X="10" Y="800"/>
        <TopLine Value="781"/>
        <UsageCount Value="11"/>
      </Unit11>
      <Unit12>
        <Filename Value="usr/src/fpc/rtl/unix/ipc.pp"/>
        <UnitName Value="ipc"/>
        <CursorPos X="1" Y="1"/>
        <TopLine Value="148"/>
        <UsageCount Value="11"/>
      </Unit12>
      <Unit13>
        <Filename Value="C:/lazarus/fpc/2.2.1/source/packages/winunits-base/src/shellapi.pp"/>
        <UnitName Value="ShellApi"/>
        <CursorPos X="2" Y="1053"/>
        <TopLine Value="1053"/>
        <UsageCount Value="13"/>
      </Unit13>
      <Unit14>
        <Filename Value="src/config.pas"/>
        <IsPartOfProject Value="True"/>
        <UnitName Value="Config"/>
        <CursorPos X="22" Y="36"/>
        <TopLine Value="45"/>
        <EditorIndex Value="7"/>
        <UsageCount Value="37"/>
        <Loaded Value="True"/>
      </Unit14>
      <Unit15>
        <Filename Value="src/shell.pas"/>
        <IsPartOfProject Value="True"/>
        <UnitName Value="Shell"/>
        <CursorPos X="28" Y="87"/>
        <TopLine Value="52"/>
        <EditorIndex Value="5"/>
        <UsageCount Value="28"/>
        <Loaded Value="True"/>
      </Unit15>
      <Unit16>
        <Filename Value="C:/lazarus/fpc/2.2.1/source/rtl/inc/mathh.inc"/>
        <CursorPos X="14" Y="64"/>
        <TopLine Value="45"/>
        <UsageCount Value="10"/>
      </Unit16>
    </Units>
    <JumpHistory Count="0" HistoryIndex="-1"/>
  </ProjectOptions>
  <CompilerOptions>
    <Version Value="5"/>
    <SearchPaths>
      <OtherUnitFiles Value="src/;units/"/>
    </SearchPaths>
    <CodeGeneration>
      <Generate Value="Faster"/>
    </CodeGeneration>
    <Linking>
      <Debugging>
        <UseHeaptrc Value="True"/>
      </Debugging>
      <Options>
        <Win32>
          <GraphicApplication Value="True"/>
        </Win32>
      </Options>
    </Linking>
    <Other>
      <CompilerPath Value="$(CompPath)"/>
      <CreateMakefileOnBuild Value="True"/>
    </Other>
  </CompilerOptions>
  <Debugging>
    <BreakPoints Count="1">
      <Item1>
        <Source Value="src/main.pas"/>
        <Line Value="14"/>
      </Item1>
    </BreakPoints>
    <Exceptions Count="2">
      <Item1>
        <Name Value="ECodetoolError"/>
      </Item1>
      <Item2>
        <Name Value="EFOpenError"/>
      </Item2>
    </Exceptions>
  </Debugging>
</CONFIG>
